
Microsoft Visual Studio Solution File, Format Version 12.00
# Visual Studio Version 17
VisualStudioVersion = 17.0.31903.59
MinimumVisualStudioVersion = 10.0.40219.1
Project("{FAE04EC0-301F-11D3-BF4B-00C04F79EFBC}") = "TennisStats.Domain", "TennisStats.Domain\TennisStats.Domain.csproj", "{8D088AC8-A47B-4EE0-8790-99902BE10E28}"
EndProject
Project("{FAE04EC0-301F-11D3-BF4B-00C04F79EFBC}") = "TennisStats.Application", "TennisStats.Application\TennisStats.Application.csproj", "{06EDEC9C-11C1-4F5A-AC0A-8FC372F6726C}"
EndProject
Project("{FAE04EC0-301F-11D3-BF4B-00C04F79EFBC}") = "TennisStats.Infrastructure", "TennisStats.Infrastructure\TennisStats.Infrastructure.csproj", "{E663E3E2-1DA4-4108-A8BE-0B0EFD4FF781}"
EndProject
Project("{FAE04EC0-301F-11D3-BF4B-00C04F79EFBC}") = "TennisStats.API", "TennisStats.API\TennisStats.API.csproj", "{031D478E-11C7-4FF9-89B7-B72C2E9E881F}"
EndProject
Global
	GlobalSection(SolutionConfigurationPlatforms) = preSolution
		Debug|Any CPU = Debug|Any CPU
		Debug|x64 = Debug|x64
		Debug|x86 = Debug|x86
		Release|Any CPU = Release|Any CPU
		Release|x64 = Release|x64
		Release|x86 = Release|x86
	EndGlobalSection
	GlobalSection(ProjectConfigurationPlatforms) = postSolution
		{8D088AC8-A47B-4EE0-8790-99902BE10E28}.Debug|Any CPU.ActiveCfg = Debug|Any CPU
		{8D088AC8-A47B-4EE0-8790-99902BE10E28}.Debug|Any CPU.Build.0 = Debug|Any CPU
		{8D088AC8-A47B-4EE0-8790-99902BE10E28}.Debug|x64.ActiveCfg = Debug|Any CPU
		{8D088AC8-A47B-4EE0-8790-99902BE10E28}.Debug|x64.Build.0 = Debug|Any CPU
		{8D088AC8-A47B-4EE0-8790-99902BE10E28}.Debug|x86.ActiveCfg = Debug|Any CPU
		{8D088AC8-A47B-4EE0-8790-99902BE10E28}.Debug|x86.Build.0 = Debug|Any CPU
		{8D088AC8-A47B-4EE0-8790-99902BE10E28}.Release|Any CPU.ActiveCfg = Release|Any CPU
		{8D088AC8-A47B-4EE0-8790-99902BE10E28}.Release|Any CPU.Build.0 = Release|Any CPU
		{8D088AC8-A47B-4EE0-8790-99902BE10E28}.Release|x64.ActiveCfg = Release|Any CPU
		{8D088AC8-A47B-4EE0-8790-99902BE10E28}.Release|x64.Build.0 = Release|Any CPU
		{8D088AC8-A47B-4EE0-8790-99902BE10E28}.Release|x86.ActiveCfg = Release|Any CPU
		{8D088AC8-A47B-4EE0-8790-99902BE10E28}.Release|x86.Build.0 = Release|Any CPU
		{06EDEC9C-11C1-4F5A-AC0A-8FC372F6726C}.Debug|Any CPU.ActiveCfg = Debug|Any CPU
		{06EDEC9C-11C1-4F5A-AC0A-8FC372F6726C}.Debug|Any CPU.Build.0 = Debug|Any CPU
		{06EDEC9C-11C1-4F5A-AC0A-8FC372F6726C}.Debug|x64.ActiveCfg = Debug|Any CPU
		{06EDEC9C-11C1-4F5A-AC0A-8FC372F6726C}.Debug|x64.Build.0 = Debug|Any CPU
		{06EDEC9C-11C1-4F5A-AC0A-8FC372F6726C}.Debug|x86.ActiveCfg = Debug|Any CPU
		{06EDEC9C-11C1-4F5A-AC0A-8FC372F6726C}.Debug|x86.Build.0 = Debug|Any CPU
		{06EDEC9C-11C1-4F5A-AC0A-8FC372F6726C}.Release|Any CPU.ActiveCfg = Release|Any CPU
		{06EDEC9C-11C1-4F5A-AC0A-8FC372F6726C}.Release|Any CPU.Build.0 = Release|Any CPU
		{06EDEC9C-11C1-4F5A-AC0A-8FC372F6726C}.Release|x64.ActiveCfg = Release|Any CPU
		{06EDEC9C-11C1-4F5A-AC0A-8FC372F6726C}.Release|x64.Build.0 = Release|Any CPU
		{06EDEC9C-11C1-4F5A-AC0A-8FC372F6726C}.Release|x86.ActiveCfg = Release|Any CPU
		{06EDEC9C-11C1-4F5A-AC0A-8FC372F6726C}.Release|x86.Build.0 = Release|Any CPU
		{E663E3E2-1DA4-4108-A8BE-0B0EFD4FF781}.Debug|Any CPU.ActiveCfg = Debug|Any CPU
		{E663E3E2-1DA4-4108-A8BE-0B0EFD4FF781}.Debug|Any CPU.Build.0 = Debug|Any CPU
		{E663E3E2-1DA4-4108-A8BE-0B0EFD4FF781}.Debug|x64.ActiveCfg = Debug|Any CPU
		{E663E3E2-1DA4-4108-A8BE-0B0EFD4FF781}.Debug|x64.Build.0 = Debug|Any CPU
		{E663E3E2-1DA4-4108-A8BE-0B0EFD4FF781}.Debug|x86.ActiveCfg = Debug|Any CPU
		{E663E3E2-1DA4-4108-A8BE-0B0EFD4FF781}.Debug|x86.Build.0 = Debug|Any CPU
		{E663E3E2-1DA4-4108-A8BE-0B0EFD4FF781}.Release|Any CPU.ActiveCfg = Release|Any CPU
		{E663E3E2-1DA4-4108-A8BE-0B0EFD4FF781}.Release|Any CPU.Build.0 = Release|Any CPU
		{E663E3E2-1DA4-4108-A8BE-0B0EFD4FF781}.Release|x64.ActiveCfg = Release|Any CPU
		{E663E3E2-1DA4-4108-A8BE-0B0EFD4FF781}.Release|x64.Build.0 = Release|Any CPU
		{E663E3E2-1DA4-4108-A8BE-0B0EFD4FF781}.Release|x86.ActiveCfg = Release|Any CPU
		{E663E3E2-1DA4-4108-A8BE-0B0EFD4FF781}.Release|x86.Build.0 = Release|Any CPU
		{031D478E-11C7-4FF9-89B7-B72C2E9E881F}.Debug|Any CPU.ActiveCfg = Debug|Any CPU
		{031D478E-11C7-4FF9-89B7-B72C2E9E881F}.Debug|Any CPU.Build.0 = Debug|Any CPU
		{031D478E-11C7-4FF9-89B7-B72C2E9E881F}.Debug|x64.ActiveCfg = Debug|Any CPU
		{031D478E-11C7-4FF9-89B7-B72C2E9E881F}.Debug|x64.Build.0 = Debug|Any CPU
		{031D478E-11C7-4FF9-89B7-B72C2E9E881F}.Debug|x86.ActiveCfg = Debug|Any CPU
		{031D478E-11C7-4FF9-89B7-B72C2E9E881F}.Debug|x86.Build.0 = Debug|Any CPU
		{031D478E-11C7-4FF9-89B7-B72C2E9E881F}.Release|Any CPU.ActiveCfg = Release|Any CPU
		{031D478E-11C7-4FF9-89B7-B72C2E9E881F}.Release|Any CPU.Build.0 = Release|Any CPU
		{031D478E-11C7-4FF9-89B7-B72C2E9E881F}.Release|x64.ActiveCfg = Release|Any CPU
		{031D478E-11C7-4FF9-89B7-B72C2E9E881F}.Release|x64.Build.0 = Release|Any CPU
		{031D478E-11C7-4FF9-89B7-B72C2E9E881F}.Release|x86.ActiveCfg = Release|Any CPU
		{031D478E-11C7-4FF9-89B7-B72C2E9E881F}.Release|x86.Build.0 = Release|Any CPU
	EndGlobalSection
	GlobalSection(SolutionProperties) = preSolution
		HideSolutionNode = FALSE
	EndGlobalSection
EndGlobal
